
Microsoft Visual Studio Solution File, Format Version 12.00
# Visual Studio Version 17
VisualStudioVersion = 17.0.31903.59
MinimumVisualStudioVersion = 10.0.40219.1
Project("{9A19103F-16F7-4668-BE54-9A1E7A4F7556}") = "CartingService", "CartingService\CartingService.csproj", "{98AA53D1-8954-43DB-9916-F933847BE86B}"
EndProject
Project("{2150E333-8FDC-42A3-9474-1A3956D46DE8}") = "Services", "Services", "{7C7154E8-F335-4E3E-AFFF-82DFE788158C}"
EndProject
Project("{2150E333-8FDC-42A3-9474-1A3956D46DE8}") = "Carting", "Carting", "{071B1190-36E7-410A-AD5C-7FCC04A4DD53}"
EndProject
Project("{2150E333-8FDC-42A3-9474-1A3956D46DE8}") = "Tests", "Tests", "{9EEE9DBA-AA27-4315-B67C-9F7F38E2FA91}"
EndProject
Project("{9A19103F-16F7-4668-BE54-9A1E7A4F7556}") = "CartingService.UnitTests", "CartingService.UnitTests\CartingService.UnitTests.csproj", "{F00392C9-085D-4CC5-8ED8-598FA1279E38}"
EndProject
Project("{9A19103F-16F7-4668-BE54-9A1E7A4F7556}") = "CartingService.ComponentTests", "CartingService.ComponentTests\CartingService.ComponentTests.csproj", "{84B03ADD-6BEC-42B7-BD43-B89975069B1C}"
EndProject
Project("{2150E333-8FDC-42A3-9474-1A3956D46DE8}") = "Catalog", "Catalog", "{A88206B8-D985-4876-A615-BAF52A97D2F4}"
EndProject
Project("{2150E333-8FDC-42A3-9474-1A3956D46DE8}") = "Tests", "Tests", "{B6E3A30F-1DAB-40B0-B2CA-81F298AD145C}"
EndProject
Project("{9A19103F-16F7-4668-BE54-9A1E7A4F7556}") = "Catalog.Api", "CatalogService\src\CatalogService.Api\Catalog.Api.csproj", "{666B1CC6-51A4-4712-9C08-B8838E15CEC4}"
EndProject
Project("{9A19103F-16F7-4668-BE54-9A1E7A4F7556}") = "Catalog.Application", "CatalogService\src\Application\Catalog.Application.csproj", "{CF9F0B54-EE46-408E-B012-5F53C5591B84}"
EndProject
Project("{9A19103F-16F7-4668-BE54-9A1E7A4F7556}") = "Catalog.Domain", "CatalogService\src\Domain\Catalog.Domain.csproj", "{7E6850CF-4620-4390-ADEB-05F905EE6397}"
EndProject
Project("{9A19103F-16F7-4668-BE54-9A1E7A4F7556}") = "Catalog.Infrastructure", "CatalogService\src\Infrastructure\Catalog.Infrastructure.csproj", "{3FB68DEE-855B-4D57-96AA-65F0B8DFE134}"
EndProject
Project("{9A19103F-16F7-4668-BE54-9A1E7A4F7556}") = "Catalog.Domain.UnitTests", "CatalogService\tests\Domain.UnitTests\Catalog.Domain.UnitTests.csproj", "{80495D78-F242-4DD2-9227-DA0A51DD506C}"
EndProject
Project("{9A19103F-16F7-4668-BE54-9A1E7A4F7556}") = "Catalog.Application.UnitTests", "CatalogService\tests\Application.UnitTests\Catalog.Application.UnitTests.csproj", "{F07DE3A6-22D6-4497-9723-76630F49CAD7}"
EndProject
Project("{9A19103F-16F7-4668-BE54-9A1E7A4F7556}") = "Catalog.Application.IntegrationTests", "CatalogService\tests\Application.IntegrationTests\Catalog.Application.IntegrationTests.csproj", "{14712C5A-390C-480D-8B0B-1A437E494892}"
EndProject
Project("{2150E333-8FDC-42A3-9474-1A3956D46DE8}") = "Identity", "Identity", "{31AE5463-398B-412F-BD73-7682E7FAA079}"
EndProject
Project("{9A19103F-16F7-4668-BE54-9A1E7A4F7556}") = "Identity.Api", "Identity\Identity.Api\Identity.Api.csproj", "{56E53647-EA5D-468A-B55F-FC1F1E543746}"
EndProject
Project("{9A19103F-16F7-4668-BE54-9A1E7A4F7556}") = "WebClient", "Identity\WebClient\WebClient.csproj", "{8A8C5121-259F-4288-ACFA-E83A0DF89696}"
EndProject
Project("{2150E333-8FDC-42A3-9474-1A3956D46DE8}") = "BuildingBlocks", "BuildingBlocks", "{6EF431F0-E27B-406D-B0EA-E64118DDC768}"
EndProject
Project("{9A19103F-16F7-4668-BE54-9A1E7A4F7556}") = "EventBus", "BuildingBlocks\EventBus\EventBus.csproj", "{2E4F0AD9-2F16-495C-9CD6-D40ACCB6FFB9}"
EndProject
Project("{2150E333-8FDC-42A3-9474-1A3956D46DE8}") = "ApiGateway", "ApiGateway", "{5D4DB95C-3A63-4336-94DE-E77CC6C1D040}"
EndProject
Project("{9A19103F-16F7-4668-BE54-9A1E7A4F7556}") = "ApiGateway", "ApiGateway\ApiGateway.csproj", "{8ABD6DA7-4ADD-4AD4-BFA8-7DAAF58487F4}"
EndProject
Global
	GlobalSection(SolutionConfigurationPlatforms) = preSolution
		Debug|Any CPU = Debug|Any CPU
		Release|Any CPU = Release|Any CPU
	EndGlobalSection
	GlobalSection(ProjectConfigurationPlatforms) = postSolution
		{98AA53D1-8954-43DB-9916-F933847BE86B}.Debug|Any CPU.ActiveCfg = Debug|Any CPU
		{98AA53D1-8954-43DB-9916-F933847BE86B}.Debug|Any CPU.Build.0 = Debug|Any CPU
		{98AA53D1-8954-43DB-9916-F933847BE86B}.Release|Any CPU.ActiveCfg = Release|Any CPU
		{98AA53D1-8954-43DB-9916-F933847BE86B}.Release|Any CPU.Build.0 = Release|Any CPU
		{F00392C9-085D-4CC5-8ED8-598FA1279E38}.Debug|Any CPU.ActiveCfg = Debug|Any CPU
		{F00392C9-085D-4CC5-8ED8-598FA1279E38}.Debug|Any CPU.Build.0 = Debug|Any CPU
		{F00392C9-085D-4CC5-8ED8-598FA1279E38}.Release|Any CPU.ActiveCfg = Release|Any CPU
		{F00392C9-085D-4CC5-8ED8-598FA1279E38}.Release|Any CPU.Build.0 = Release|Any CPU
		{84B03ADD-6BEC-42B7-BD43-B89975069B1C}.Debug|Any CPU.ActiveCfg = Debug|Any CPU
		{84B03ADD-6BEC-42B7-BD43-B89975069B1C}.Debug|Any CPU.Build.0 = Debug|Any CPU
		{84B03ADD-6BEC-42B7-BD43-B89975069B1C}.Release|Any CPU.ActiveCfg = Release|Any CPU
		{84B03ADD-6BEC-42B7-BD43-B89975069B1C}.Release|Any CPU.Build.0 = Release|Any CPU
		{666B1CC6-51A4-4712-9C08-B8838E15CEC4}.Debug|Any CPU.ActiveCfg = Debug|Any CPU
		{666B1CC6-51A4-4712-9C08-B8838E15CEC4}.Debug|Any CPU.Build.0 = Debug|Any CPU
		{666B1CC6-51A4-4712-9C08-B8838E15CEC4}.Release|Any CPU.ActiveCfg = Release|Any CPU
		{666B1CC6-51A4-4712-9C08-B8838E15CEC4}.Release|Any CPU.Build.0 = Release|Any CPU
		{CF9F0B54-EE46-408E-B012-5F53C5591B84}.Debug|Any CPU.ActiveCfg = Debug|Any CPU
		{CF9F0B54-EE46-408E-B012-5F53C5591B84}.Debug|Any CPU.Build.0 = Debug|Any CPU
		{CF9F0B54-EE46-408E-B012-5F53C5591B84}.Release|Any CPU.ActiveCfg = Release|Any CPU
		{CF9F0B54-EE46-408E-B012-5F53C5591B84}.Release|Any CPU.Build.0 = Release|Any CPU
		{7E6850CF-4620-4390-ADEB-05F905EE6397}.Debug|Any CPU.ActiveCfg = Debug|Any CPU
		{7E6850CF-4620-4390-ADEB-05F905EE6397}.Debug|Any CPU.Build.0 = Debug|Any CPU
		{7E6850CF-4620-4390-ADEB-05F905EE6397}.Release|Any CPU.ActiveCfg = Release|Any CPU
		{7E6850CF-4620-4390-ADEB-05F905EE6397}.Release|Any CPU.Build.0 = Release|Any CPU
		{3FB68DEE-855B-4D57-96AA-65F0B8DFE134}.Debug|Any CPU.ActiveCfg = Debug|Any CPU
		{3FB68DEE-855B-4D57-96AA-65F0B8DFE134}.Debug|Any CPU.Build.0 = Debug|Any CPU
		{3FB68DEE-855B-4D57-96AA-65F0B8DFE134}.Release|Any CPU.ActiveCfg = Release|Any CPU
		{3FB68DEE-855B-4D57-96AA-65F0B8DFE134}.Release|Any CPU.Build.0 = Release|Any CPU
		{80495D78-F242-4DD2-9227-DA0A51DD506C}.Debug|Any CPU.ActiveCfg = Debug|Any CPU
		{80495D78-F242-4DD2-9227-DA0A51DD506C}.Debug|Any CPU.Build.0 = Debug|Any CPU
		{80495D78-F242-4DD2-9227-DA0A51DD506C}.Release|Any CPU.ActiveCfg = Release|Any CPU
		{80495D78-F242-4DD2-9227-DA0A51DD506C}.Release|Any CPU.Build.0 = Release|Any CPU
		{F07DE3A6-22D6-4497-9723-76630F49CAD7}.Debug|Any CPU.ActiveCfg = Debug|Any CPU
		{F07DE3A6-22D6-4497-9723-76630F49CAD7}.Debug|Any CPU.Build.0 = Debug|Any CPU
		{F07DE3A6-22D6-4497-9723-76630F49CAD7}.Release|Any CPU.ActiveCfg = Release|Any CPU
		{F07DE3A6-22D6-4497-9723-76630F49CAD7}.Release|Any CPU.Build.0 = Release|Any CPU
		{14712C5A-390C-480D-8B0B-1A437E494892}.Debug|Any CPU.ActiveCfg = Debug|Any CPU
		{14712C5A-390C-480D-8B0B-1A437E494892}.Debug|Any CPU.Build.0 = Debug|Any CPU
		{14712C5A-390C-480D-8B0B-1A437E494892}.Release|Any CPU.ActiveCfg = Release|Any CPU
		{14712C5A-390C-480D-8B0B-1A437E494892}.Release|Any CPU.Build.0 = Release|Any CPU
		{56E53647-EA5D-468A-B55F-FC1F1E543746}.Debug|Any CPU.ActiveCfg = Debug|Any CPU
		{56E53647-EA5D-468A-B55F-FC1F1E543746}.Debug|Any CPU.Build.0 = Debug|Any CPU
		{56E53647-EA5D-468A-B55F-FC1F1E543746}.Release|Any CPU.ActiveCfg = Release|Any CPU
		{56E53647-EA5D-468A-B55F-FC1F1E543746}.Release|Any CPU.Build.0 = Release|Any CPU
		{8A8C5121-259F-4288-ACFA-E83A0DF89696}.Debug|Any CPU.ActiveCfg = Debug|Any CPU
		{8A8C5121-259F-4288-ACFA-E83A0DF89696}.Debug|Any CPU.Build.0 = Debug|Any CPU
		{8A8C5121-259F-4288-ACFA-E83A0DF89696}.Release|Any CPU.ActiveCfg = Release|Any CPU
		{8A8C5121-259F-4288-ACFA-E83A0DF89696}.Release|Any CPU.Build.0 = Release|Any CPU
		{2E4F0AD9-2F16-495C-9CD6-D40ACCB6FFB9}.Debug|Any CPU.ActiveCfg = Debug|Any CPU
		{2E4F0AD9-2F16-495C-9CD6-D40ACCB6FFB9}.Debug|Any CPU.Build.0 = Debug|Any CPU
		{2E4F0AD9-2F16-495C-9CD6-D40ACCB6FFB9}.Release|Any CPU.ActiveCfg = Release|Any CPU
		{2E4F0AD9-2F16-495C-9CD6-D40ACCB6FFB9}.Release|Any CPU.Build.0 = Release|Any CPU
		{8ABD6DA7-4ADD-4AD4-BFA8-7DAAF58487F4}.Debug|Any CPU.ActiveCfg = Debug|Any CPU
		{8ABD6DA7-4ADD-4AD4-BFA8-7DAAF58487F4}.Debug|Any CPU.Build.0 = Debug|Any CPU
		{8ABD6DA7-4ADD-4AD4-BFA8-7DAAF58487F4}.Release|Any CPU.ActiveCfg = Release|Any CPU
		{8ABD6DA7-4ADD-4AD4-BFA8-7DAAF58487F4}.Release|Any CPU.Build.0 = Release|Any CPU
	EndGlobalSection
	GlobalSection(SolutionProperties) = preSolution
		HideSolutionNode = FALSE
	EndGlobalSection
	GlobalSection(NestedProjects) = preSolution
		{98AA53D1-8954-43DB-9916-F933847BE86B} = {071B1190-36E7-410A-AD5C-7FCC04A4DD53}
		{071B1190-36E7-410A-AD5C-7FCC04A4DD53} = {7C7154E8-F335-4E3E-AFFF-82DFE788158C}
		{9EEE9DBA-AA27-4315-B67C-9F7F38E2FA91} = {071B1190-36E7-410A-AD5C-7FCC04A4DD53}
		{F00392C9-085D-4CC5-8ED8-598FA1279E38} = {9EEE9DBA-AA27-4315-B67C-9F7F38E2FA91}
		{84B03ADD-6BEC-42B7-BD43-B89975069B1C} = {9EEE9DBA-AA27-4315-B67C-9F7F38E2FA91}
		{A88206B8-D985-4876-A615-BAF52A97D2F4} = {7C7154E8-F335-4E3E-AFFF-82DFE788158C}
		{B6E3A30F-1DAB-40B0-B2CA-81F298AD145C} = {A88206B8-D985-4876-A615-BAF52A97D2F4}
		{666B1CC6-51A4-4712-9C08-B8838E15CEC4} = {A88206B8-D985-4876-A615-BAF52A97D2F4}
		{CF9F0B54-EE46-408E-B012-5F53C5591B84} = {A88206B8-D985-4876-A615-BAF52A97D2F4}
		{7E6850CF-4620-4390-ADEB-05F905EE6397} = {A88206B8-D985-4876-A615-BAF52A97D2F4}
		{3FB68DEE-855B-4D57-96AA-65F0B8DFE134} = {A88206B8-D985-4876-A615-BAF52A97D2F4}
		{80495D78-F242-4DD2-9227-DA0A51DD506C} = {B6E3A30F-1DAB-40B0-B2CA-81F298AD145C}
		{F07DE3A6-22D6-4497-9723-76630F49CAD7} = {B6E3A30F-1DAB-40B0-B2CA-81F298AD145C}
		{14712C5A-390C-480D-8B0B-1A437E494892} = {B6E3A30F-1DAB-40B0-B2CA-81F298AD145C}
		{31AE5463-398B-412F-BD73-7682E7FAA079} = {7C7154E8-F335-4E3E-AFFF-82DFE788158C}
		{56E53647-EA5D-468A-B55F-FC1F1E543746} = {31AE5463-398B-412F-BD73-7682E7FAA079}
		{8A8C5121-259F-4288-ACFA-E83A0DF89696} = {31AE5463-398B-412F-BD73-7682E7FAA079}
		{6EF431F0-E27B-406D-B0EA-E64118DDC768} = {7C7154E8-F335-4E3E-AFFF-82DFE788158C}
		{2E4F0AD9-2F16-495C-9CD6-D40ACCB6FFB9} = {6EF431F0-E27B-406D-B0EA-E64118DDC768}
		{5D4DB95C-3A63-4336-94DE-E77CC6C1D040} = {7C7154E8-F335-4E3E-AFFF-82DFE788158C}
		{8ABD6DA7-4ADD-4AD4-BFA8-7DAAF58487F4} = {5D4DB95C-3A63-4336-94DE-E77CC6C1D040}
	EndGlobalSection
	GlobalSection(ExtensibilityGlobals) = postSolution
		SolutionGuid = {D16CAF17-44ED-41CA-8390-F1E5A6690045}
	EndGlobalSection
EndGlobal
